{
  "name": "@dsh-reliability/monorepo",
  "version": "0.1.0",
  "lockfileVersion": 3,
  "requires": true,
  "packages": {
    "": {
      "name": "@dsh-reliability/monorepo",
      "version": "0.1.0",
      "license": "MIT",
      "workspaces": [
        "packages/*"
      ],
      "engines": {
        "node": ">=20"
      }
    },
    "node_modules/@dsh-reliability/core": {
      "resolved": "packages/core",
      "link": true
    },
    "node_modules/@dsh-reliability/dsh-plugin": {
      "resolved": "packages/dsh-plugin",
      "link": true
    },
    "node_modules/dsh-reliability-plugin": {
      "resolved": "packages/cli",
      "link": true
    },
    "packages/cli": {
      "name": "dsh-reliability-plugin",
      "version": "0.1.0",
      "license": "MIT",
      "dependencies": {
        "@dsh-reliability/core": "0.1.0"
      },
      "bin": {
        "dsh-reliability": "bin/dsh-reliability.mjs"
      },
      "engines": {
        "node": ">=20"
      }
    },
    "packages/core": {
      "name": "@dsh-reliability/core",
      "version": "0.1.0",
      "license": "MIT",
      "engines": {
        "node": ">=20"
      }
    },
    "packages/dsh-plugin": {
      "name": "@dsh-reliability/dsh-plugin",
      "version": "0.1.0",
      "license": "MIT",
      "engines": {
        "node": ">=20"
      },
      "peerDependencies": {
        "@deepseek-ai/dsh": "0.1.0-rc.7"
      },
      "peerDependenciesMeta": {
        "@deepseek-ai/dsh": {
          "optional": true
        }
      }
    }
  }
}
